
Microsoft Visual Studio Solution File, Format Version 12.00
# Visual Studio 15
VisualStudioVersion = 15.0.27703.2047
MinimumVisualStudioVersion = 10.0.40219.1
Project("{FAE04EC0-301F-11D3-BF4B-00C04F79EFBC}") = "Finance_v2", "Finance_v2\Finance_v2.csproj", "{5C487821-A76D-4DFA-BBEF-852397A49F73}"
EndProject
Global
	GlobalSection(SolutionConfigurationPlatforms) = preSolution
		Debug|Any CPU = Debug|Any CPU
		Release|Any CPU = Release|Any CPU
	EndGlobalSection
	GlobalSection(ProjectConfigurationPlatforms) = postSolution
		{5C487821-A76D-4DFA-BBEF-852397A49F73}.Debug|Any CPU.ActiveCfg = Debug|Any CPU
		{5C487821-A76D-4DFA-BBEF-852397A49F73}.Debug|Any CPU.Build.0 = Debug|Any CPU
		{5C487821-A76D-4DFA-BBEF-852397A49F73}.Release|Any CPU.ActiveCfg = Release|Any CPU
		{5C487821-A76D-4DFA-BBEF-852397A49F73}.Release|Any CPU.Build.0 = Release|Any CPU
	EndGlobalSection
	GlobalSection(SolutionProperties) = preSolution
		HideSolutionNode = FALSE
	EndGlobalSection
	GlobalSection(ExtensibilityGlobals) = postSolution
		SolutionGuid = {54A0E786-BB30-454C-903D-F20606B2C1B5}
	EndGlobalSection
EndGlobal
